
Microsoft Visual Studio Solution File, Format Version 12.00
# Visual Studio Version 16
VisualStudioVersion = 16.0.31205.134
MinimumVisualStudioVersion = 10.0.40219.1
Project("{FAE04EC0-301F-11D3-BF4B-00C04F79EFBC}") = "fukuvHensu", "fukuvHensu\fukuvHensu.csproj", "{066B5EF8-7FFD-4B1A-AA57-72DBD339767F}"
EndProject
Global
	GlobalSection(SolutionConfigurationPlatforms) = preSolution
		Debug|Any CPU = Debug|Any CPU
		Release|Any CPU = Release|Any CPU
	EndGlobalSection
	GlobalSection(ProjectConfigurationPlatforms) = postSolution
		{066B5EF8-7FFD-4B1A-AA57-72DBD339767F}.Debug|Any CPU.ActiveCfg = Debug|Any CPU
		{066B5EF8-7FFD-4B1A-AA57-72DBD339767F}.Debug|Any CPU.Build.0 = Debug|Any CPU
		{066B5EF8-7FFD-4B1A-AA57-72DBD339767F}.Release|Any CPU.ActiveCfg = Release|Any CPU
		{066B5EF8-7FFD-4B1A-AA57-72DBD339767F}.Release|Any CPU.Build.0 = Release|Any CPU
	EndGlobalSection
	GlobalSection(SolutionProperties) = preSolution
		HideSolutionNode = FALSE
	EndGlobalSection
	GlobalSection(ExtensibilityGlobals) = postSolution
		SolutionGuid = {816508D0-998D-42A2-91FF-0AA9DE5480A9}
	EndGlobalSection
EndGlobal
